
Microsoft Visual Studio Solution File, Format Version 12.00
# Visual Studio 15
VisualStudioVersion = 15.0.27004.2010
MinimumVisualStudioVersion = 10.0.40219.1
Project("{FAE04EC0-301F-11D3-BF4B-00C04F79EFBC}") = "ThePublicNoteBook", "ThePublicNoteBook\ThePublicNoteBook.csproj", "{9E02876E-5761-4134-942D-33A25F7013A5}"
EndProject
Global
	GlobalSection(SolutionConfigurationPlatforms) = preSolution
		Debug|Any CPU = Debug|Any CPU
		Release|Any CPU = Release|Any CPU
	EndGlobalSection
	GlobalSection(ProjectConfigurationPlatforms) = postSolution
		{9E02876E-5761-4134-942D-33A25F7013A5}.Debug|Any CPU.ActiveCfg = Debug|Any CPU
		{9E02876E-5761-4134-942D-33A25F7013A5}.Debug|Any CPU.Build.0 = Debug|Any CPU
		{9E02876E-5761-4134-942D-33A25F7013A5}.Release|Any CPU.ActiveCfg = Release|Any CPU
		{9E02876E-5761-4134-942D-33A25F7013A5}.Release|Any CPU.Build.0 = Release|Any CPU
	EndGlobalSection
	GlobalSection(SolutionProperties) = preSolution
		HideSolutionNode = FALSE
	EndGlobalSection
	GlobalSection(ExtensibilityGlobals) = postSolution
		SolutionGuid = {6FFF13FF-7528-4C2A-97A5-1179CDC1F973}
	EndGlobalSection
EndGlobal
